
Microsoft Visual Studio Solution File, Format Version 12.00
# Visual Studio Version 16
VisualStudioVersion = 16.0.30523.141
MinimumVisualStudioVersion = 10.0.40219.1
Project("{FAE04EC0-301F-11D3-BF4B-00C04F79EFBC}") = "producto", "producto\producto.csproj", "{A1B49BAB-DFBE-47D3-89EC-4A6B70C14088}"
EndProject
Global
	GlobalSection(SolutionConfigurationPlatforms) = preSolution
		Debug|Any CPU = Debug|Any CPU
		Release|Any CPU = Release|Any CPU
	EndGlobalSection
	GlobalSection(ProjectConfigurationPlatforms) = postSolution
		{A1B49BAB-DFBE-47D3-89EC-4A6B70C14088}.Debug|Any CPU.ActiveCfg = Debug|Any CPU
		{A1B49BAB-DFBE-47D3-89EC-4A6B70C14088}.Debug|Any CPU.Build.0 = Debug|Any CPU
		{A1B49BAB-DFBE-47D3-89EC-4A6B70C14088}.Release|Any CPU.ActiveCfg = Release|Any CPU
		{A1B49BAB-DFBE-47D3-89EC-4A6B70C14088}.Release|Any CPU.Build.0 = Release|Any CPU
	EndGlobalSection
	GlobalSection(SolutionProperties) = preSolution
		HideSolutionNode = FALSE
	EndGlobalSection
	GlobalSection(ExtensibilityGlobals) = postSolution
		SolutionGuid = {B6A2A697-1CB6-44A3-A112-0EB94C2F860E}
	EndGlobalSection
EndGlobal
